
Microsoft Visual Studio Solution File, Format Version 12.00
# Visual Studio 15
VisualStudioVersion = 15.0.28307.1705
MinimumVisualStudioVersion = 10.0.40219.1
Project("{FAE04EC0-301F-11D3-BF4B-00C04F79EFBC}") = "TestMultipleCOM", "TestMultipleCOM\TestMultipleCOM.csproj", "{A0AB6BC7-F292-42FA-8FD4-1975E5FB8453}"
EndProject
Project("{FAE04EC0-301F-11D3-BF4B-00C04F79EFBC}") = "TestQK30", "TestQK30\TestQK30.csproj", "{0F796F88-24AD-4F59-9C03-1F00EDF10EF5}"
EndProject
Project("{FAE04EC0-301F-11D3-BF4B-00C04F79EFBC}") = "TestSerial", "TestSerial\TestSerial.csproj", "{6A3EC957-62C4-40BE-8AE3-E3A46DFE4C23}"
EndProject
Project("{FAE04EC0-301F-11D3-BF4B-00C04F79EFBC}") = "QM30 Tester", "COM Tester\QM30 Tester.csproj", "{7AB25D05-62E4-4075-A3AF-F99441E92764}"
EndProject
Global
	GlobalSection(SolutionConfigurationPlatforms) = preSolution
		Debug|Any CPU = Debug|Any CPU
		Release|Any CPU = Release|Any CPU
	EndGlobalSection
	GlobalSection(ProjectConfigurationPlatforms) = postSolution
		{A0AB6BC7-F292-42FA-8FD4-1975E5FB8453}.Debug|Any CPU.ActiveCfg = Debug|Any CPU
		{A0AB6BC7-F292-42FA-8FD4-1975E5FB8453}.Debug|Any CPU.Build.0 = Debug|Any CPU
		{A0AB6BC7-F292-42FA-8FD4-1975E5FB8453}.Release|Any CPU.ActiveCfg = Release|Any CPU
		{A0AB6BC7-F292-42FA-8FD4-1975E5FB8453}.Release|Any CPU.Build.0 = Release|Any CPU
		{0F796F88-24AD-4F59-9C03-1F00EDF10EF5}.Debug|Any CPU.ActiveCfg = Debug|Any CPU
		{0F796F88-24AD-4F59-9C03-1F00EDF10EF5}.Debug|Any CPU.Build.0 = Debug|Any CPU
		{0F796F88-24AD-4F59-9C03-1F00EDF10EF5}.Release|Any CPU.ActiveCfg = Release|Any CPU
		{0F796F88-24AD-4F59-9C03-1F00EDF10EF5}.Release|Any CPU.Build.0 = Release|Any CPU
		{6A3EC957-62C4-40BE-8AE3-E3A46DFE4C23}.Debug|Any CPU.ActiveCfg = Debug|Any CPU
		{6A3EC957-62C4-40BE-8AE3-E3A46DFE4C23}.Debug|Any CPU.Build.0 = Debug|Any CPU
		{6A3EC957-62C4-40BE-8AE3-E3A46DFE4C23}.Release|Any CPU.ActiveCfg = Release|Any CPU
		{6A3EC957-62C4-40BE-8AE3-E3A46DFE4C23}.Release|Any CPU.Build.0 = Release|Any CPU
		{7AB25D05-62E4-4075-A3AF-F99441E92764}.Debug|Any CPU.ActiveCfg = Debug|Any CPU
		{7AB25D05-62E4-4075-A3AF-F99441E92764}.Debug|Any CPU.Build.0 = Debug|Any CPU
		{7AB25D05-62E4-4075-A3AF-F99441E92764}.Release|Any CPU.ActiveCfg = Release|Any CPU
		{7AB25D05-62E4-4075-A3AF-F99441E92764}.Release|Any CPU.Build.0 = Release|Any CPU
	EndGlobalSection
	GlobalSection(SolutionProperties) = preSolution
		HideSolutionNode = FALSE
	EndGlobalSection
	GlobalSection(ExtensibilityGlobals) = postSolution
		SolutionGuid = {23079D64-33BF-41EB-B087-D9F98C21AF04}
	EndGlobalSection
EndGlobal
